
Microsoft Visual Studio Solution File, Format Version 12.00
# Visual Studio Version 17
VisualStudioVersion = 17.10.35013.160
MinimumVisualStudioVersion = 10.0.40219.1
Project("{9A19103F-16F7-4668-BE54-9A1E7A4F7556}") = "BulkyWeb", "BulkyWeb\BulkyWeb.csproj", "{BD8E28FB-2350-4FE9-A5A4-467C63CC2F29}"
EndProject
Project("{FAE04EC0-301F-11D3-BF4B-00C04F79EFBC}") = "Bulky.DataAccess", "Bulky.DataAccess\Bulky.DataAccess.csproj", "{0C19848F-ED48-42C6-9B47-55A16B257211}"
EndProject
Project("{FAE04EC0-301F-11D3-BF4B-00C04F79EFBC}") = "Bulky.Models", "Bulky.Models\Bulky.Models.csproj", "{26FABF8D-9218-449E-9176-E4FA2EAFBD38}"
EndProject
Project("{FAE04EC0-301F-11D3-BF4B-00C04F79EFBC}") = "Bulky.Utility", "Bulky.Utility\Bulky.Utility.csproj", "{02D05CEE-8E8B-4DA5-802C-F86FB9B7B414}"
EndProject
Global
	GlobalSection(SolutionConfigurationPlatforms) = preSolution
		Debug|Any CPU = Debug|Any CPU
		Release|Any CPU = Release|Any CPU
	EndGlobalSection
	GlobalSection(ProjectConfigurationPlatforms) = postSolution
		{BD8E28FB-2350-4FE9-A5A4-467C63CC2F29}.Debug|Any CPU.ActiveCfg = Debug|Any CPU
		{BD8E28FB-2350-4FE9-A5A4-467C63CC2F29}.Debug|Any CPU.Build.0 = Debug|Any CPU
		{BD8E28FB-2350-4FE9-A5A4-467C63CC2F29}.Release|Any CPU.ActiveCfg = Release|Any CPU
		{BD8E28FB-2350-4FE9-A5A4-467C63CC2F29}.Release|Any CPU.Build.0 = Release|Any CPU
		{0C19848F-ED48-42C6-9B47-55A16B257211}.Debug|Any CPU.ActiveCfg = Debug|Any CPU
		{0C19848F-ED48-42C6-9B47-55A16B257211}.Debug|Any CPU.Build.0 = Debug|Any CPU
		{0C19848F-ED48-42C6-9B47-55A16B257211}.Release|Any CPU.ActiveCfg = Release|Any CPU
		{0C19848F-ED48-42C6-9B47-55A16B257211}.Release|Any CPU.Build.0 = Release|Any CPU
		{26FABF8D-9218-449E-9176-E4FA2EAFBD38}.Debug|Any CPU.ActiveCfg = Debug|Any CPU
		{26FABF8D-9218-449E-9176-E4FA2EAFBD38}.Debug|Any CPU.Build.0 = Debug|Any CPU
		{26FABF8D-9218-449E-9176-E4FA2EAFBD38}.Release|Any CPU.ActiveCfg = Release|Any CPU
		{26FABF8D-9218-449E-9176-E4FA2EAFBD38}.Release|Any CPU.Build.0 = Release|Any CPU
		{02D05CEE-8E8B-4DA5-802C-F86FB9B7B414}.Debug|Any CPU.ActiveCfg = Debug|Any CPU
		{02D05CEE-8E8B-4DA5-802C-F86FB9B7B414}.Debug|Any CPU.Build.0 = Debug|Any CPU
		{02D05CEE-8E8B-4DA5-802C-F86FB9B7B414}.Release|Any CPU.ActiveCfg = Release|Any CPU
		{02D05CEE-8E8B-4DA5-802C-F86FB9B7B414}.Release|Any CPU.Build.0 = Release|Any CPU
	EndGlobalSection
	GlobalSection(SolutionProperties) = preSolution
		HideSolutionNode = FALSE
	EndGlobalSection
	GlobalSection(ExtensibilityGlobals) = postSolution
		SolutionGuid = {2C409D7C-E93B-4586-AE8E-6A03297DD85F}
	EndGlobalSection
EndGlobal
